
Microsoft Visual Studio Solution File, Format Version 12.00
# Visual Studio 15
VisualStudioVersion = 15.0.28010.2016
MinimumVisualStudioVersion = 10.0.40219.1
Project("{FAE04EC0-301F-11D3-BF4B-00C04F79EFBC}") = "mobileconnectsdksample-xamarin", "mobileconnectsdksample-xamarin\mobileconnectsdksample-xamarin.csproj", "{52381C0D-EAAA-42D6-BAE9-66657B9E0A21}"
EndProject
Project("{FAE04EC0-301F-11D3-BF4B-00C04F79EFBC}") = "MobileConnectSdk.Bindings", "MobileConnectSdk.Bindings\MobileConnectSdk.Bindings.csproj", "{F6511412-F7BD-47C6-B1A7-0D869A1A1D3F}"
EndProject
Global
	GlobalSection(SolutionConfigurationPlatforms) = preSolution
		Debug|Any CPU = Debug|Any CPU
		Release|Any CPU = Release|Any CPU
	EndGlobalSection
	GlobalSection(ProjectConfigurationPlatforms) = postSolution
		{52381C0D-EAAA-42D6-BAE9-66657B9E0A21}.Debug|Any CPU.ActiveCfg = Debug|Any CPU
		{52381C0D-EAAA-42D6-BAE9-66657B9E0A21}.Debug|Any CPU.Build.0 = Debug|Any CPU
		{52381C0D-EAAA-42D6-BAE9-66657B9E0A21}.Debug|Any CPU.Deploy.0 = Debug|Any CPU
		{52381C0D-EAAA-42D6-BAE9-66657B9E0A21}.Release|Any CPU.ActiveCfg = Release|Any CPU
		{52381C0D-EAAA-42D6-BAE9-66657B9E0A21}.Release|Any CPU.Build.0 = Release|Any CPU
		{52381C0D-EAAA-42D6-BAE9-66657B9E0A21}.Release|Any CPU.Deploy.0 = Release|Any CPU
		{F6511412-F7BD-47C6-B1A7-0D869A1A1D3F}.Debug|Any CPU.ActiveCfg = Debug|Any CPU
		{F6511412-F7BD-47C6-B1A7-0D869A1A1D3F}.Debug|Any CPU.Build.0 = Debug|Any CPU
		{F6511412-F7BD-47C6-B1A7-0D869A1A1D3F}.Release|Any CPU.ActiveCfg = Release|Any CPU
		{F6511412-F7BD-47C6-B1A7-0D869A1A1D3F}.Release|Any CPU.Build.0 = Release|Any CPU
	EndGlobalSection
	GlobalSection(SolutionProperties) = preSolution
		HideSolutionNode = FALSE
	EndGlobalSection
	GlobalSection(ExtensibilityGlobals) = postSolution
		SolutionGuid = {1760CC58-CC60-4B37-9601-CC60D1A03627}
	EndGlobalSection
EndGlobal
